// !$*UTF8*$!
{
	archiveVersion = 1;
	classes = {
	};
	objectVersion = 55;
	objects = {

/* Begin PBXBuildFile section */
		A300CF812799F80D00360335 /* AppDelegate.swift in Sources */ = {isa = PBXBuildFile; fileRef = A300CF802799F80D00360335 /* AppDelegate.swift */; };
		A300CF832799F80D00360335 /* SceneDelegate.swift in Sources */ = {isa = PBXBuildFile; fileRef = A300CF822799F80D00360335 /* SceneDelegate.swift */; };
		A300CF852799F80D00360335 /* ViewController.swift in Sources */ = {isa = PBXBuildFile; fileRef = A300CF842799F80D00360335 /* ViewController.swift */; };
		A300CF882799F80D00360335 /* Main.storyboard in Resources */ = {isa = PBXBuildFile; fileRef = A300CF862799F80D00360335 /* Main.storyboard */; };
		A300CF8A2799F80E00360335 /* Assets.xcassets in Resources */ = {isa = PBXBuildFile; fileRef = A300CF892799F80E00360335 /* Assets.xcassets */; };
		A300CF8D2799F80E00360335 /* LaunchScreen.storyboard in Resources */ = {isa = PBXBuildFile; fileRef = A300CF8B2799F80E00360335 /* LaunchScreen.storyboard */; };
		A300CF982799F80F00360335 /* preworkTests.swift in Sources */ = {isa = PBXBuildFile; fileRef = A300CF972799F80F00360335 /* preworkTests.swift */; };
		A300CFA22799F80F00360335 /* preworkUITests.swift in Sources */ = {isa = PBXBuildFile; fileRef = A300CFA12799F80F00360335 /* preworkUITests.swift */; };
		A300CFA42799F80F00360335 /* preworkUITestsLaunchTests.swift in Sources */ = {isa = PBXBuildFile; fileRef = A300CFA32799F80F00360335 /* preworkUITestsLaunchTests.swift */; };
		A300CFB12799F8A400360335 /* calculator.swift in Sources */ = {isa = PBXBuildFile; fileRef = A300CFB02799F8A400360335 /* calculator.swift */; };
/* End PBXBuildFile section */

/* Begin PBXContainerItemProxy section */
		A300CF942799F80F00360335 /* PBXContainerItemProxy */ = {
			isa = PBXContainerItemProxy;
			containerPortal = A300CF752799F80D00360335 /* Project object */;
			proxyType = 1;
			remoteGlobalIDString = A300CF7C2799F80D00360335;
			remoteInfo = prework;
		};
		A300CF9E2799F80F00360335 /* PBXContainerItemProxy */ = {
			isa = PBXContainerItemProxy;
			containerPortal = A300CF752799F80D00360335 /* Project object */;
			proxyType = 1;
			remoteGlobalIDString = A300CF7C2799F80D00360335;
			remoteInfo = prework;
		};
/* End PBXContainerItemProxy section */

/* Begin PBXFileReference section */
		A300CF7D2799F80D00360335 /* prework.app */ = {isa = PBXFileReference; explicitFileType = wrapper.application; includeInIndex = 0; path = prework.app; sourceTree = BUILT_PRODUCTS_DIR; };
		A300CF802799F80D00360335 /* AppDelegate.swift */ = {isa = PBXFileReference; lastKnownFileType = sourcecode.swift; path = AppDelegate.swift; sourceTree = "<group>"; };
		A300CF822799F80D00360335 /* SceneDelegate.swift */ = {isa = PBXFileReference; lastKnownFileType = sourcecode.swift; path = SceneDelegate.swift; sourceTree = "<group>"; };
		A300CF842799F80D00360335 /* ViewController.swift */ = {isa = PBXFileReference; lastKnownFileType = sourcecode.swift; path = ViewController.swift; sourceTree = "<group>"; };
		A300CF872799F80D00360335 /* Base */ = {isa = PBXFileReference; lastKnownFileType = file.storyboard; name = Base; path = Base.lproj/Main.storyboard; sourceTree = "<group>"; };
		A300CF892799F80E00360335 /* Assets.xcassets */ = {isa = PBXFileReference; lastKnownFileType = folder.assetcatalog; path = Assets.xcassets; sourceTree = "<group>"; };
		A300CF8C2799F80E00360335 /* Base */ = {isa = PBXFileReference; lastKnownFileType = file.storyboard; name = Base; path = Base.lproj/LaunchScreen.storyboard; sourceTree = "<group>"; };
		A300CF8E2799F80E00360335 /* Info.plist */ = {isa = PBXFileReference; lastKnownFileType = text.plist.xml; path = Info.plist; sourceTree = "<group>"; };
		A300CF932799F80F00360335 /* preworkTests.xctest */ = {isa = PBXFileReference; explicitFileType = wrapper.cfbundle; includeInIndex = 0; path = preworkTests.xctest; sourceTree = BUILT_PRODUCTS_DIR; };
		A300CF972799F80F00360335 /* preworkTests.swift */ = {isa = PBXFileReference; lastKnownFileType = sourcecode.swift; path = preworkTests.swift; sourceTree = "<group>"; };
		A300CF9D2799F80F00360335 /* preworkUITests.xctest */ = {isa = PBXFileReference; explicitFileType = wrapper.cfbundle; includeInIndex = 0; path = preworkUITests.xctest; sourceTree = BUILT_PRODUCTS_DIR; };
		A300CFA12799F80F00360335 /* preworkUITests.swift */ = {isa = PBXFileReference; lastKnownFileType = sourcecode.swift; path = preworkUITests.swift; sourceTree = "<group>"; };
		A300CFA32799F80F00360335 /* preworkUITestsLaunchTests.swift */ = {isa = PBXFileReference; lastKnownFileType = sourcecode.swift; path = preworkUITestsLaunchTests.swift; sourceTree = "<group>"; };
		A300CFB02799F8A400360335 /* calculator.swift */ = {isa = PBXFileReference; lastKnownFileType = sourcecode.swift; path = calculator.swift; sourceTree = "<group>"; };
/* End PBXFileReference section */

/* Begin PBXFrameworksBuildPhase section */
		A300CF7A2799F80D00360335 /* Frameworks */ = {
			isa = PBXFrameworksBuildPhase;
			buildActionMask = 2147483647;
			files = (
			);
			runOnlyForDeploymentPostprocessing = 0;
		};
		A300CF902799F80F00360335 /* Frameworks */ = {
			isa = PBXFrameworksBuildPhase;
			buildActionMask = 2147483647;
			files = (
			);
			runOnlyForDeploymentPostprocessing = 0;
		};
		A300CF9A2799F80F00360335 /* Frameworks */ = {
			isa = PBXFrameworksBuildPhase;
			buildActionMask = 2147483647;
			files = (
			);
			runOnlyForDeploymentPostprocessing = 0;
		};
/* End PBXFrameworksBuildPhase section */

/* Begin PBXGroup section */
		A300CF742799F80D00360335 = {
			isa = PBXGroup;
			children = (
				A300CFB02799F8A400360335 /* calculator.swift */,
				A300CF7F2799F80D00360335 /* prework */,
				A300CF962799F80F00360335 /* preworkTests */,
				A300CFA02799F80F00360335 /* preworkUITests */,
				A300CF7E2799F80D00360335 /* Products */,
			);
			sourceTree = "<group>";
		};
		A300CF7E2799F80D00360335 /* Products */ = {
			isa = PBXGroup;
			children = (
				A300CF7D2799F80D00360335 /* prework.app */,
				A300CF932799F80F00360335 /* preworkTests.xctest */,
				A300CF9D2799F80F00360335 /* preworkUITests.xctest */,
			);
			name = Products;
			sourceTree = "<group>";
		};
		A300CF7F2799F80D00360335 /* prework */ = {
			isa = PBXGroup;
			children = (
				A300CF802799F80D00360335 /* AppDelegate.swift */,
				A300CF822799F80D00360335 /* SceneDelegate.swift */,
				A300CF842799F80D00360335 /* ViewController.swift */,
				A300CF862799F80D00360335 /* Main.storyboard */,
				A300CF892799F80E00360335 /* Assets.xcassets */,
				A300CF8B2799F80E00360335 /* LaunchScreen.storyboard */,
				A300CF8E2799F80E00360335 /* Info.plist */,
			);
			path = prework;
			sourceTree = "<group>";
		};
		A300CF962799F80F00360335 /* preworkTests */ = {
			isa = PBXGroup;
			children = (
				A300CF972799F80F00360335 /* preworkTests.swift */,
			);
			path = preworkTests;
			sourceTree = "<group>";
		};
		A300CFA02799F80F00360335 /* preworkUITests */ = {
			isa = PBXGroup;
			children = (
				A300CFA12799F80F00360335 /* preworkUITests.swift */,
				A300CFA32799F80F00360335 /* preworkUITestsLaunchTests.swift */,
			);
			path = preworkUITests;
			sourceTree = "<group>";
		};
/* End PBXGroup section */

/* Begin PBXNativeTarget section */
		A300CF7C2799F80D00360335 /* prework */ = {
			isa = PBXNativeTarget;
			buildConfigurationList = A300CFA72799F80F00360335 /* Build configuration list for PBXNativeTarget "prework" */;
			buildPhases = (
				A300CF792799F80D00360335 /* Sources */,
				A300CF7A2799F80D00360335 /* Frameworks */,
				A300CF7B2799F80D00360335 /* Resources */,
			);
			buildRules = (
			);
			dependencies = (
			);
			name = prework;
			productName = prework;
			productReference = A300CF7D2799F80D00360335 /* prework.app */;
			productType = "com.apple.product-type.application";
		};
		A300CF922799F80F00360335 /* preworkTests */ = {
			isa = PBXNativeTarget;
			buildConfigurationList = A300CFAA2799F80F00360335 /* Build configuration list for PBXNativeTarget "preworkTests" */;
			buildPhases = (
				A300CF8F2799F80F00360335 /* Sources */,
				A300CF902799F80F00360335 /* Frameworks */,
				A300CF912799F80F00360335 /* Resources */,
			);
			buildRules = (
			);
			dependencies = (
				A300CF952799F80F00360335 /* PBXTargetDependency */,
			);
			name = preworkTests;
			productName = preworkTests;
			productReference = A300CF932799F80F00360335 /* preworkTests.xctest */;
			productType = "com.apple.product-type.bundle.unit-test";
		};
		A300CF9C2799F80F00360335 /* preworkUITests */ = {
			isa = PBXNativeTarget;
			buildConfigurationList = A300CFAD2799F80F00360335 /* Build configuration list for PBXNativeTarget "preworkUITests" */;
			buildPhases = (
				A300CF992799F80F00360335 /* Sources */,
				A300CF9A2799F80F00360335 /* Frameworks */,
				A300CF9B2799F80F00360335 /* Resources */,
			);
			buildRules = (
			);
			dependencies = (
				A300CF9F2799F80F00360335 /* PBXTargetDependency */,
			);
			name = preworkUITests;
			productName = preworkUITests;
			productReference = A300CF9D2799F80F00360335 /* preworkUITests.xctest */;
			productType = "com.apple.product-type.bundle.ui-testing";
		};
/* End PBXNativeTarget section */

/* Begin PBXProject section */
		A300CF752799F80D00360335 /* Project object */ = {
			isa = PBXProject;
			attributes = {
				BuildIndependentTargetsInParallel = 1;
				LastSwiftUpdateCheck = 1320;
				LastUpgradeCheck = 1320;
				TargetAttributes = {
					A300CF7C2799F80D00360335 = {
						CreatedOnToolsVersion = 13.2.1;
					};
					A300CF922799F80F00360335 = {
						CreatedOnToolsVersion = 13.2.1;
						TestTargetID = A300CF7C2799F80D00360335;
					};
					A300CF9C2799F80F00360335 = {
						CreatedOnToolsVersion = 13.2.1;
						TestTargetID = A300CF7C2799F80D00360335;
					};
				};
			};
			buildConfigurationList = A300CF782799F80D00360335 /* Build configuration list for PBXProject "prework" */;
			compatibilityVersion = "Xcode 13.0";
			developmentRegion = en;
			hasScannedForEncodings = 0;
			knownRegions = (
				en,
				Base,
			);
			mainGroup = A300CF742799F80D00360335;
			productRefGroup = A300CF7E2799F80D00360335 /* Products */;
			projectDirPath = "";
			projectRoot = "";
			targets = (
				A300CF7C2799F80D00360335 /* prework */,
				A300CF922799F80F00360335 /* preworkTests */,
				A300CF9C2799F80F00360335 /* preworkUITests */,
			);
		};
/* End PBXProject section */

/* Begin PBXResourcesBuildPhase section */
		A300CF7B2799F80D00360335 /* Resources */ = {
			isa = PBXResourcesBuildPhase;
			buildActionMask = 2147483647;
			files = (
				A300CF8D2799F80E00360335 /* LaunchScreen.storyboard in Resources */,
				A300CF8A2799F80E00360335 /* Assets.xcassets in Resources */,
				A300CF882799F80D00360335 /* Main.storyboard in Resources */,
			);
			runOnlyForDeploymentPostprocessing = 0;
		};
		A300CF912799F80F00360335 /* Resources */ = {
			isa = PBXResourcesBuildPhase;
			buildActionMask = 2147483647;
			files = (
			);
			runOnlyForDeploymentPostprocessing = 0;
		};
		A300CF9B2799F80F00360335 /* Resources */ = {
			isa = PBXResourcesBuildPhase;
			buildActionMask = 2147483647;
			files = (
			);
			runOnlyForDeploymentPostprocessing = 0;
		};
/* End PBXResourcesBuildPhase section */

/* Begin PBXSourcesBuildPhase section */
		A300CF792799F80D00360335 /* Sources */ = {
			isa = PBXSourcesBuildPhase;
			buildActionMask = 2147483647;
			files = (
				A300CF852799F80D00360335 /* ViewController.swift in Sources */,
				A300CFB12799F8A400360335 /* calculator.swift in Sources */,
				A300CF812799F80D00360335 /* AppDelegate.swift in Sources */,
				A300CF832799F80D00360335 /* SceneDelegate.swift in Sources */,
			);
			runOnlyForDeploymentPostprocessing = 0;
		};
		A300CF8F2799F80F00360335 /* Sources */ = {
			isa = PBXSourcesBuildPhase;
			buildActionMask = 2147483647;
			files = (
				A300CF982799F80F00360335 /* preworkTests.swift in Sources */,
			);
			runOnlyForDeploymentPostprocessing = 0;
		};
		A300CF992799F80F00360335 /* Sources */ = {
			isa = PBXSourcesBuildPhase;
			buildActionMask = 2147483647;
			files = (
				A300CFA22799F80F00360335 /* preworkUITests.swift in Sources */,
				A300CFA42799F80F00360335 /* preworkUITestsLaunchTests.swift in Sources */,
			);
			runOnlyForDeploymentPostprocessing = 0;
		};
/* End PBXSourcesBuildPhase section */

/* Begin PBXTargetDependency section */
		A300CF952799F80F00360335 /* PBXTargetDependency */ = {
			isa = PBXTargetDependency;
			target = A300CF7C2799F80D00360335 /* prework */;
			targetProxy = A300CF942799F80F00360335 /* PBXContainerItemProxy */;
		};
		A300CF9F2799F80F00360335 /* PBXTargetDependency */ = {
			isa = PBXTargetDependency;
			target = A300CF7C2799F80D00360335 /* prework */;
			targetProxy = A300CF9E2799F80F00360335 /* PBXContainerItemProxy */;
		};
/* End PBXTargetDependency section */

/* Begin PBXVariantGroup section */
		A300CF862799F80D00360335 /* Main.storyboard */ = {
			isa = PBXVariantGroup;
			children = (
				A300CF872799F80D00360335 /* Base */,
			);
			name = Main.storyboard;
			sourceTree = "<group>";
		};
		A300CF8B2799F80E00360335 /* LaunchScreen.storyboard */ = {
			isa = PBXVariantGroup;
			children = (
				A300CF8C2799F80E00360335 /* Base */,
			);
			name = LaunchScreen.storyboard;
			sourceTree = "<group>";
		};
/* End PBXVariantGroup section */

/* Begin XCBuildConfiguration section */
		A300CFA52799F80F00360335 /* Debug */ = {
			isa = XCBuildConfiguration;
			buildSettings = {
				ALWAYS_SEARCH_USER_PATHS = NO;
				CLANG_ANALYZER_NONNULL = YES;
				CLANG_ANALYZER_NUMBER_OBJECT_CONVERSION = YES_AGGRESSIVE;
				CLANG_CXX_LANGUAGE_STANDARD = "gnu++17";
				CLANG_CXX_LIBRARY = "libc++";
				CLANG_ENABLE_MODULES = YES;
				CLANG_ENABLE_OBJC_ARC = YES;
				CLANG_ENABLE_OBJC_WEAK = YES;
				CLANG_WARN_BLOCK_CAPTURE_AUTORELEASING = YES;
				CLANG_WARN_BOOL_CONVERSION = YES;
				CLANG_WARN_COMMA = YES;
				CLANG_WARN_CONSTANT_CONVERSION = YES;
				CLANG_WARN_DEPRECATED_OBJC_IMPLEMENTATIONS = YES;
				CLANG_WARN_DIRECT_OBJC_ISA_USAGE = YES_ERROR;
				CLANG_WARN_DOCUMENTATION_COMMENTS = YES;
				CLANG_WARN_EMPTY_BODY = YES;
				CLANG_WARN_ENUM_CONVERSION = YES;
				CLANG_WARN_INFINITE_RECURSION = YES;
				CLANG_WARN_INT_CONVERSION = YES;
				CLANG_WARN_NON_LITERAL_NULL_CONVERSION = YES;
				CLANG_WARN_OBJC_IMPLICIT_RETAIN_SELF = YES;
				CLANG_WARN_OBJC_LITERAL_CONVERSION = YES;
				CLANG_WARN_OBJC_ROOT_CLASS = YES_ERROR;
				CLANG_WARN_QUOTED_INCLUDE_IN_FRAMEWORK_HEADER = YES;
				CLANG_WARN_RANGE_LOOP_ANALYSIS = YES;
				CLANG_WARN_STRICT_PROTOTYPES = YES;
				CLANG_WARN_SUSPICIOUS_MOVE = YES;
				CLANG_WARN_UNGUARDED_AVAILABILITY = YES_AGGRESSIVE;
				CLANG_WARN_UNREACHABLE_CODE = YES;
				CLANG_WARN__DUPLICATE_METHOD_MATCH = YES;
				COPY_PHASE_STRIP = NO;
				DEBUG_INFORMATION_FORMAT = dwarf;
				ENABLE_STRICT_OBJC_MSGSEND = YES;
				ENABLE_TESTABILITY = YES;
				GCC_C_LANGUAGE_STANDARD = gnu11;
				GCC_DYNAMIC_NO_PIC = NO;
				GCC_NO_COMMON_BLOCKS = YES;
				GCC_OPTIMIZATION_LEVEL = 0;
				GCC_PREPROCESSOR_DEFINITIONS = (
					"DEBUG=1",
					"$(inherited)",
				);
				GCC_WARN_64_TO_32_BIT_CONVERSION = YES;
				GCC_WARN_ABOUT_RETURN_TYPE = YES_ERROR;
				GCC_WARN_UNDECLARED_SELECTOR = YES;
				GCC_WARN_UNINITIALIZED_AUTOS = YES_AGGRESSIVE;
				GCC_WARN_UNUSED_FUNCTION = YES;
				GCC_WARN_UNUSED_VARIABLE = YES;
				IPHONEOS_DEPLOYMENT_TARGET = 15.2;
				MTL_ENABLE_DEBUG_INFO = INCLUDE_SOURCE;
				MTL_FAST_MATH = YES;
				ONLY_ACTIVE_ARCH = YES;
				SDKROOT = iphoneos;
				SWIFT_ACTIVE_COMPILATION_CONDITIONS = DEBUG;
				SWIFT_OPTIMIZATION_LEVEL = "-Onone";
			};
			name = Debug;
		};
		A300CFA62799F80F00360335 /* Release */ = {
			isa = XCBuildConfiguration;
			buildSettings = {
				ALWAYS_SEARCH_USER_PATHS = NO;
				CLANG_ANALYZER_NONNULL = YES;
				CLANG_ANALYZER_NUMBER_OBJECT_CONVERSION = YES_AGGRESSIVE;
				CLANG_CXX_LANGUAGE_STANDARD = "gnu++17";
				CLANG_CXX_LIBRARY = "libc++";
				CLANG_ENABLE_MODULES = YES;
				CLANG_ENABLE_OBJC_ARC = YES;
				CLANG_ENABLE_OBJC_WEAK = YES;
				CLANG_WARN_BLOCK_CAPTURE_AUTORELEASING = YES;
				CLANG_WARN_BOOL_CONVERSION = YES;
				CLANG_WARN_COMMA = YES;
				CLANG_WARN_CONSTANT_CONVERSION = YES;
				CLANG_WARN_DEPRECATED_OBJC_IMPLEMENTATIONS = YES;
				CLANG_WARN_DIRECT_OBJC_ISA_USAGE = YES_ERROR;
				CLANG_WARN_DOCUMENTATION_COMMENTS = YES;
				CLANG_WARN_EMPTY_BODY = YES;
				CLANG_WARN_ENUM_CONVERSION = YES;
				CLANG_WARN_INFINITE_RECURSION = YES;
				CLANG_WARN_INT_CONVERSION = YES;
				CLANG_WARN_NON_LITERAL_NULL_CONVERSION = YES;
				CLANG_WARN_OBJC_IMPLICIT_RETAIN_SELF = YES;
				CLANG_WARN_OBJC_LITERAL_CONVERSION = YES;
				CLANG_WARN_OBJC_ROOT_CLASS = YES_ERROR;
				CLANG_WARN_QUOTED_INCLUDE_IN_FRAMEWORK_HEADER = YES;
				CLANG_WARN_RANGE_LOOP_ANALYSIS = YES;
				CLANG_WARN_STRICT_PROTOTYPES = YES;
				CLANG_WARN_SUSPICIOUS_MOVE = YES;
				CLANG_WARN_UNGUARDED_AVAILABILITY = YES_AGGRESSIVE;
				CLANG_WARN_UNREACHABLE_CODE = YES;
				CLANG_WARN__DUPLICATE_METHOD_MATCH = YES;
				COPY_PHASE_STRIP = NO;
				DEBUG_INFORMATION_FORMAT = "dwarf-with-dsym";
				ENABLE_NS_ASSERTIONS = NO;
				ENABLE_STRICT_OBJC_MSGSEND = YES;
				GCC_C_LANGUAGE_STANDARD = gnu11;
				GCC_NO_COMMON_BLOCKS = YES;
				GCC_WARN_64_TO_32_BIT_CONVERSION = YES;
				GCC_WARN_ABOUT_RETURN_TYPE = YES_ERROR;
				GCC_WARN_UNDECLARED_SELECTOR = YES;
				GCC_WARN_UNINITIALIZED_AUTOS = YES_AGGRESSIVE;
				GCC_WARN_UNUSED_FUNCTION = YES;
				GCC_WARN_UNUSED_VARIABLE = YES;
				IPHONEOS_DEPLOYMENT_TARGET = 15.2;
				MTL_ENABLE_DEBUG_INFO = NO;
				MTL_FAST_MATH = YES;
				SDKROOT = iphoneos;
				SWIFT_COMPILATION_MODE = wholemodule;
				SWIFT_OPTIMIZATION_LEVEL = "-O";
				VALIDATE_PRODUCT = YES;
			};
			name = Release;
		};
		A300CFA82799F80F00360335 /* Debug */ = {
			isa = XCBuildConfiguration;
			buildSettings = {
				ASSETCATALOG_COMPILER_APPICON_NAME = AppIcon;
				ASSETCATALOG_COMPILER_GLOBAL_ACCENT_COLOR_NAME = AccentColor;
				CODE_SIGN_STYLE = Automatic;
				CURRENT_PROJECT_VERSION = 1;
				GENERATE_INFOPLIST_FILE = YES;
				INFOPLIST_FILE = prework/Info.plist;
				INFOPLIST_KEY_UIApplicationSupportsIndirectInputEvents = YES;
				INFOPLIST_KEY_UILaunchStoryboardName = LaunchScreen;
				INFOPLIST_KEY_UIMainStoryboardFile = Main;
				INFOPLIST_KEY_UISupportedInterfaceOrientations_iPad = "UIInterfaceOrientationPortrait UIInterfaceOrientationPortraitUpsideDown UIInterfaceOrientationLandscapeLeft UIInterfaceOrientationLandscapeRight";
				INFOPLIST_KEY_UISupportedInterfaceOrientations_iPhone = "UIInterfaceOrientationPortrait UIInterfaceOrientationLandscapeLeft UIInterfaceOrientationLandscapeRight";
				LD_RUNPATH_SEARCH_PATHS = (
					"$(inherited)",
					"@executable_path/Frameworks",
				);
				MARKETING_VERSION = 1.0;
				PRODUCT_BUNDLE_IDENTIFIER = NYU.prework;
				PRODUCT_NAME = "$(TARGET_NAME)";
				SWIFT_EMIT_LOC_STRINGS = YES;
				SWIFT_VERSION = 5.0;
				TARGETED_DEVICE_FAMILY = "1,2";
			};
			name = Debug;
		};
		A300CFA92799F80F00360335 /* Release */ = {
			isa = XCBuildConfiguration;
			buildSettings = {
				ASSETCATALOG_COMPILER_APPICON_NAME = AppIcon;
				ASSETCATALOG_COMPILER_GLOBAL_ACCENT_COLOR_NAME = AccentColor;
				CODE_SIGN_STYLE = Automatic;
				CURRENT_PROJECT_VERSION = 1;
				GENERATE_INFOPLIST_FILE = YES;
				INFOPLIST_FILE = prework/Info.plist;
				INFOPLIST_KEY_UIApplicationSupportsIndirectInputEvents = YES;
				INFOPLIST_KEY_UILaunchStoryboardName = LaunchScreen;
				INFOPLIST_KEY_UIMainStoryboardFile = Main;
				INFOPLIST_KEY_UISupportedInterfaceOrientations_iPad = "UIInterfaceOrientationPortrait UIInterfaceOrientationPortraitUpsideDown UIInterfaceOrientationLandscapeLeft UIInterfaceOrientationLandscapeRight";
				INFOPLIST_KEY_UISupportedInterfaceOrientations_iPhone = "UIInterfaceOrientationPortrait UIInterfaceOrientationLandscapeLeft UIInterfaceOrientationLandscapeRight";
				LD_RUNPATH_SEARCH_PATHS = (
					"$(inherited)",
					"@executable_path/Frameworks",
				);
				MARKETING_VERSION = 1.0;
				PRODUCT_BUNDLE_IDENTIFIER = NYU.prework;
				PRODUCT_NAME = "$(TARGET_NAME)";
				SWIFT_EMIT_LOC_STRINGS = YES;
				SWIFT_VERSION = 5.0;
				TARGETED_DEVICE_FAMILY = "1,2";
			};
			name = Release;
		};
		A300CFAB2799F80F00360335 /* Debug */ = {
			isa = XCBuildConfiguration;
			buildSettings = {
				ALWAYS_EMBED_SWIFT_STANDARD_LIBRARIES = YES;
				BUNDLE_LOADER = "$(TEST_HOST)";
				CODE_SIGN_STYLE = Automatic;
				CURRENT_PROJECT_VERSION = 1;
				GENERATE_INFOPLIST_FILE = YES;
				IPHONEOS_DEPLOYMENT_TARGET = 15.2;
				MARKETING_VERSION = 1.0;
				PRODUCT_BUNDLE_IDENTIFIER = NYU.preworkTests;
				PRODUCT_NAME = "$(TARGET_NAME)";
				SWIFT_EMIT_LOC_STRINGS = NO;
				SWIFT_VERSION = 5.0;
				TARGETED_DEVICE_FAMILY = "1,2";
				TEST_HOST = "$(BUILT_PRODUCTS_DIR)/prework.app/prework";
			};
			name = Debug;
		};
		A300CFAC2799F80F00360335 /* Release */ = {
			isa = XCBuildConfiguration;
			buildSettings = {
				ALWAYS_EMBED_SWIFT_STANDARD_LIBRARIES = YES;
				BUNDLE_LOADER = "$(TEST_HOST)";
				CODE_SIGN_STYLE = Automatic;
				CURRENT_PROJECT_VERSION = 1;
				GENERATE_INFOPLIST_FILE = YES;
				IPHONEOS_DEPLOYMENT_TARGET = 15.2;
				MARKETING_VERSION = 1.0;
				PRODUCT_BUNDLE_IDENTIFIER = NYU.preworkTests;
				PRODUCT_NAME = "$(TARGET_NAME)";
				SWIFT_EMIT_LOC_STRINGS = NO;
				SWIFT_VERSION = 5.0;
				TARGETED_DEVICE_FAMILY = "1,2";
				TEST_HOST = "$(BUILT_PRODUCTS_DIR)/prework.app/prework";
			};
			name = Release;
		};
		A300CFAE2799F80F00360335 /* Debug */ = {
			isa = XCBuildConfiguration;
			buildSettings = {
				ALWAYS_EMBED_SWIFT_STANDARD_LIBRARIES = YES;
				CODE_SIGN_STYLE = Automatic;
				CURRENT_PROJECT_VERSION = 1;
				GENERATE_INFOPLIST_FILE = YES;
				MARKETING_VERSION = 1.0;
				PRODUCT_BUNDLE_IDENTIFIER = NYU.preworkUITests;
				PRODUCT_NAME = "$(TARGET_NAME)";
				SWIFT_EMIT_LOC_STRINGS = NO;
				SWIFT_VERSION = 5.0;
				TARGETED_DEVICE_FAMILY = "1,2";
				TEST_TARGET_NAME = prework;
			};
			name = Debug;
		};
		A300CFAF2799F80F00360335 /* Release */ = {
			isa = XCBuildConfiguration;
			buildSettings = {
				ALWAYS_EMBED_SWIFT_STANDARD_LIBRARIES = YES;
				CODE_SIGN_STYLE = Automatic;
				CURRENT_PROJECT_VERSION = 1;
				GENERATE_INFOPLIST_FILE = YES;
				MARKETING_VERSION = 1.0;
				PRODUCT_BUNDLE_IDENTIFIER = NYU.preworkUITests;
				PRODUCT_NAME = "$(TARGET_NAME)";
				SWIFT_EMIT_LOC_STRINGS = NO;
				SWIFT_VERSION = 5.0;
				TARGETED_DEVICE_FAMILY = "1,2";
				TEST_TARGET_NAME = prework;
			};
			name = Release;
		};
/* End XCBuildConfiguration section */

/* Begin XCConfigurationList section */
		A300CF782799F80D00360335 /* Build configuration list for PBXProject "prework" */ = {
			isa = XCConfigurationList;
			buildConfigurations = (
				A300CFA52799F80F00360335 /* Debug */,
				A300CFA62799F80F00360335 /* Release */,
			);
			defaultConfigurationIsVisible = 0;
			defaultConfigurationName = Release;
		};
		A300CFA72799F80F00360335 /* Build configuration list for PBXNativeTarget "prework" */ = {
			isa = XCConfigurationList;
			buildConfigurations = (
				A300CFA82799F80F00360335 /* Debug */,
				A300CFA92799F80F00360335 /* Release */,
			);
			defaultConfigurationIsVisible = 0;
			defaultConfigurationName = Release;
		};
		A300CFAA2799F80F00360335 /* Build configuration list for PBXNativeTarget "preworkTests" */ = {
			isa = XCConfigurationList;
			buildConfigurations = (
				A300CFAB2799F80F00360335 /* Debug */,
				A300CFAC2799F80F00360335 /* Release */,
			);
			defaultConfigurationIsVisible = 0;
			defaultConfigurationName = Release;
		};
		A300CFAD2799F80F00360335 /* Build configuration list for PBXNativeTarget "preworkUITests" */ = {
			isa = XCConfigurationList;
			buildConfigurations = (
				A300CFAE2799F80F00360335 /* Debug */,
				A300CFAF2799F80F00360335 /* Release */,
			);
			defaultConfigurationIsVisible = 0;
			defaultConfigurationName = Release;
		};
/* End XCConfigurationList section */
	};
	rootObject = A300CF752799F80D00360335 /* Project object */;
}
